
Microsoft Visual Studio Solution File, Format Version 12.00
# Visual Studio Version 16
VisualStudioVersion = 16.0.31624.102
MinimumVisualStudioVersion = 10.0.40219.1
Project("{FAE04EC0-301F-11D3-BF4B-00C04F79EFBC}") = "Proverochnaya", "Proverochnaya\Proverochnaya.csproj", "{D85C29C4-3FFE-4874-AB2E-9B5E94FB8E1A}"
EndProject
Global
	GlobalSection(SolutionConfigurationPlatforms) = preSolution
		Debug|Any CPU = Debug|Any CPU
		Release|Any CPU = Release|Any CPU
	EndGlobalSection
	GlobalSection(ProjectConfigurationPlatforms) = postSolution
		{D85C29C4-3FFE-4874-AB2E-9B5E94FB8E1A}.Debug|Any CPU.ActiveCfg = Debug|Any CPU
		{D85C29C4-3FFE-4874-AB2E-9B5E94FB8E1A}.Debug|Any CPU.Build.0 = Debug|Any CPU
		{D85C29C4-3FFE-4874-AB2E-9B5E94FB8E1A}.Release|Any CPU.ActiveCfg = Release|Any CPU
		{D85C29C4-3FFE-4874-AB2E-9B5E94FB8E1A}.Release|Any CPU.Build.0 = Release|Any CPU
	EndGlobalSection
	GlobalSection(SolutionProperties) = preSolution
		HideSolutionNode = FALSE
	EndGlobalSection
	GlobalSection(ExtensibilityGlobals) = postSolution
		SolutionGuid = {D6C63521-C82B-4225-BFF2-4B1610215674}
	EndGlobalSection
EndGlobal
